
Microsoft Visual Studio Solution File, Format Version 12.00
# Visual Studio Version 16
VisualStudioVersion = 16.0.31410.357
MinimumVisualStudioVersion = 10.0.40219.1
Project("{FAE04EC0-301F-11D3-BF4B-00C04F79EFBC}") = "OpenHealthWeb", "OpenHealthWeb.csproj", "{A5B7EC51-358E-4C21-9884-1347EFAAE49A}"
EndProject
Global
	GlobalSection(SolutionConfigurationPlatforms) = preSolution
		Debug|Any CPU = Debug|Any CPU
		Release|Any CPU = Release|Any CPU
	EndGlobalSection
	GlobalSection(ProjectConfigurationPlatforms) = postSolution
		{A5B7EC51-358E-4C21-9884-1347EFAAE49A}.Debug|Any CPU.ActiveCfg = Debug|Any CPU
		{A5B7EC51-358E-4C21-9884-1347EFAAE49A}.Debug|Any CPU.Build.0 = Debug|Any CPU
		{A5B7EC51-358E-4C21-9884-1347EFAAE49A}.Release|Any CPU.ActiveCfg = Release|Any CPU
		{A5B7EC51-358E-4C21-9884-1347EFAAE49A}.Release|Any CPU.Build.0 = Release|Any CPU
	EndGlobalSection
	GlobalSection(SolutionProperties) = preSolution
		HideSolutionNode = FALSE
	EndGlobalSection
	GlobalSection(ExtensibilityGlobals) = postSolution
		SolutionGuid = {72B39FAC-D130-42FD-862B-BC3597795985}
	EndGlobalSection
EndGlobal
